
Microsoft Visual Studio Solution File, Format Version 12.00
# Visual Studio Version 17
VisualStudioVersion = 17.3.32922.545
MinimumVisualStudioVersion = 10.0.40219.1
Project("{FAE04EC0-301F-11D3-BF4B-00C04F79EFBC}") = "Triangles-Caselle", "Triangles-Caselle\Triangles-Caselle.csproj", "{63A3C9DD-C415-44A5-A3E8-88734045E6FD}"
EndProject
Global
	GlobalSection(SolutionConfigurationPlatforms) = preSolution
		Debug|Any CPU = Debug|Any CPU
		Release|Any CPU = Release|Any CPU
	EndGlobalSection
	GlobalSection(ProjectConfigurationPlatforms) = postSolution
		{63A3C9DD-C415-44A5-A3E8-88734045E6FD}.Debug|Any CPU.ActiveCfg = Debug|Any CPU
		{63A3C9DD-C415-44A5-A3E8-88734045E6FD}.Debug|Any CPU.Build.0 = Debug|Any CPU
		{63A3C9DD-C415-44A5-A3E8-88734045E6FD}.Release|Any CPU.ActiveCfg = Release|Any CPU
		{63A3C9DD-C415-44A5-A3E8-88734045E6FD}.Release|Any CPU.Build.0 = Release|Any CPU
	EndGlobalSection
	GlobalSection(SolutionProperties) = preSolution
		HideSolutionNode = FALSE
	EndGlobalSection
	GlobalSection(ExtensibilityGlobals) = postSolution
		SolutionGuid = {E9FBE698-CB0B-4C87-96F8-D54070355989}
	EndGlobalSection
EndGlobal
